
Microsoft Visual Studio Solution File, Format Version 12.00
# Visual Studio Version 16
VisualStudioVersion = 16.0.29911.84
MinimumVisualStudioVersion = 10.0.40219.1
Project("{9A19103F-16F7-4668-BE54-9A1E7A4F7556}") = "core_start", "core_start\core_start.csproj", "{52FAA440-0E87-40AC-B897-5683AA14FB39}"
EndProject
Project("{2150E333-8FDC-42A3-9474-1A3956D46DE8}") = "目录", "目录", "{E19165FD-6D43-4683-B963-AF693D4FDE4C}"
	ProjectSection(SolutionItems) = preProject
		目录.txt = 目录.txt
	EndProjectSection
EndProject
Project("{9A19103F-16F7-4668-BE54-9A1E7A4F7556}") = "RazorPages", "RazorPages\RazorPages.csproj", "{03B429A6-B2B7-407C-8BF8-86EECF88ACD7}"
EndProject
Project("{FAE04EC0-301F-11D3-BF4B-00C04F79EFBC}") = "Signalr", "Signalr\Signalr.csproj", "{3F3F7AEE-B68E-4FDC-91E4-B2A5687F2B68}"
EndProject
Global
	GlobalSection(SolutionConfigurationPlatforms) = preSolution
		Debug|Any CPU = Debug|Any CPU
		Release|Any CPU = Release|Any CPU
	EndGlobalSection
	GlobalSection(ProjectConfigurationPlatforms) = postSolution
		{52FAA440-0E87-40AC-B897-5683AA14FB39}.Debug|Any CPU.ActiveCfg = Debug|Any CPU
		{52FAA440-0E87-40AC-B897-5683AA14FB39}.Debug|Any CPU.Build.0 = Debug|Any CPU
		{52FAA440-0E87-40AC-B897-5683AA14FB39}.Release|Any CPU.ActiveCfg = Release|Any CPU
		{52FAA440-0E87-40AC-B897-5683AA14FB39}.Release|Any CPU.Build.0 = Release|Any CPU
		{03B429A6-B2B7-407C-8BF8-86EECF88ACD7}.Debug|Any CPU.ActiveCfg = Debug|Any CPU
		{03B429A6-B2B7-407C-8BF8-86EECF88ACD7}.Debug|Any CPU.Build.0 = Debug|Any CPU
		{03B429A6-B2B7-407C-8BF8-86EECF88ACD7}.Release|Any CPU.ActiveCfg = Release|Any CPU
		{03B429A6-B2B7-407C-8BF8-86EECF88ACD7}.Release|Any CPU.Build.0 = Release|Any CPU
		{3F3F7AEE-B68E-4FDC-91E4-B2A5687F2B68}.Debug|Any CPU.ActiveCfg = Debug|Any CPU
		{3F3F7AEE-B68E-4FDC-91E4-B2A5687F2B68}.Debug|Any CPU.Build.0 = Debug|Any CPU
		{3F3F7AEE-B68E-4FDC-91E4-B2A5687F2B68}.Release|Any CPU.ActiveCfg = Release|Any CPU
		{3F3F7AEE-B68E-4FDC-91E4-B2A5687F2B68}.Release|Any CPU.Build.0 = Release|Any CPU
	EndGlobalSection
	GlobalSection(SolutionProperties) = preSolution
		HideSolutionNode = FALSE
	EndGlobalSection
	GlobalSection(ExtensibilityGlobals) = postSolution
		SolutionGuid = {AF051529-A7EB-42C3-BBFC-CC2E57FC739C}
	EndGlobalSection
EndGlobal
