
Microsoft Visual Studio Solution File, Format Version 12.00
# Visual Studio Version 16
VisualStudioVersion = 16.0.29911.84
MinimumVisualStudioVersion = 10.0.40219.1
Project("{FAE04EC0-301F-11D3-BF4B-00C04F79EFBC}") = "core_start", "core_start\core_start.csproj", "{52FAA440-0E87-40AC-B897-5683AA14FB39}"
EndProject
Global
	GlobalSection(SolutionConfigurationPlatforms) = preSolution
		Debug|Any CPU = Debug|Any CPU
		Release|Any CPU = Release|Any CPU
	EndGlobalSection
	GlobalSection(ProjectConfigurationPlatforms) = postSolution
		{52FAA440-0E87-40AC-B897-5683AA14FB39}.Debug|Any CPU.ActiveCfg = Debug|Any CPU
		{52FAA440-0E87-40AC-B897-5683AA14FB39}.Debug|Any CPU.Build.0 = Debug|Any CPU
		{52FAA440-0E87-40AC-B897-5683AA14FB39}.Release|Any CPU.ActiveCfg = Release|Any CPU
		{52FAA440-0E87-40AC-B897-5683AA14FB39}.Release|Any CPU.Build.0 = Release|Any CPU
	EndGlobalSection
	GlobalSection(SolutionProperties) = preSolution
		HideSolutionNode = FALSE
	EndGlobalSection
	GlobalSection(ExtensibilityGlobals) = postSolution
		SolutionGuid = {AF051529-A7EB-42C3-BBFC-CC2E57FC739C}
	EndGlobalSection
EndGlobal
